
Microsoft Visual Studio Solution File, Format Version 12.00
# Visual Studio Version 16
VisualStudioVersion = 16.0.31515.178
MinimumVisualStudioVersion = 10.0.40219.1
Project("{FAE04EC0-301F-11D3-BF4B-00C04F79EFBC}") = "CalcMVC", "CalcMVC.csproj", "{2E8EC1A7-A132-4E3F-9E85-EA8E5479E305}"
EndProject
Global
	GlobalSection(SolutionConfigurationPlatforms) = preSolution
		Debug|Any CPU = Debug|Any CPU
		Release|Any CPU = Release|Any CPU
	EndGlobalSection
	GlobalSection(ProjectConfigurationPlatforms) = postSolution
		{2E8EC1A7-A132-4E3F-9E85-EA8E5479E305}.Debug|Any CPU.ActiveCfg = Debug|Any CPU
		{2E8EC1A7-A132-4E3F-9E85-EA8E5479E305}.Debug|Any CPU.Build.0 = Debug|Any CPU
		{2E8EC1A7-A132-4E3F-9E85-EA8E5479E305}.Release|Any CPU.ActiveCfg = Release|Any CPU
		{2E8EC1A7-A132-4E3F-9E85-EA8E5479E305}.Release|Any CPU.Build.0 = Release|Any CPU
	EndGlobalSection
	GlobalSection(SolutionProperties) = preSolution
		HideSolutionNode = FALSE
	EndGlobalSection
	GlobalSection(ExtensibilityGlobals) = postSolution
		SolutionGuid = {90BF277B-798E-4B57-9F75-5A4A423C7A63}
	EndGlobalSection
EndGlobal
